{
  "nodes": {
    "home-manager": {
      "inputs": {
        "nixpkgs": [
          "nixpkgs"
        ]
      },
      "locked": {
        "lastModified": 1716729631,
        "narHash": "sha256-IerjU5GUeKc0eW9FPOdlPveSGJ2ZrO+lIfuHPUmUF2I=",
        "owner": "nix-community",
        "repo": "home-manager",
        "rev": "fc4492181833eaaa7a26a8081c0615d95792d825",
        "type": "github"
      },
      "original": {
        "owner": "nix-community",
        "ref": "release-23.05",
        "repo": "home-manager",
        "type": "github"
      }
    },
    "nixpkgs": {
      "locked": {
        "lastModified": 1705957679,
        "narHash": "sha256-Q8LJaVZGJ9wo33wBafvZSzapYsjOaNjP/pOnSiKVGHY=",
        "owner": "NixOS",
        "repo": "nixpkgs",
        "rev": "9a333eaa80901efe01df07eade2c16d183761fa3",
        "type": "github"
      },
      "original": {
        "owner": "NixOS",
        "ref": "release-23.05",
        "repo": "nixpkgs",
        "type": "github"
      }
    },
    "nixpkgs-unstable": {
      "locked": {
        "lastModified": 1730200266,
        "narHash": "sha256-l253w0XMT8nWHGXuXqyiIC/bMvh1VRszGXgdpQlfhvU=",
        "owner": "NixOS",
        "repo": "nixpkgs",
        "rev": "807e9154dcb16384b1b765ebe9cd2bba2ac287fd",
        "type": "github"
      },
      "original": {
        "owner": "NixOS",
        "ref": "nixos-unstable",
        "repo": "nixpkgs",
        "type": "github"
      }
    },
    "root": {
      "inputs": {
        "home-manager": "home-manager",
        "nixpkgs": "nixpkgs",
        "nixpkgs-unstable": "nixpkgs-unstable"
      }
    }
  },
  "root": "root",
  "version": 7
}
